
Microsoft Visual Studio Solution File, Format Version 12.00
# Visual Studio Version 16
VisualStudioVersion = 16.0.29324.140
MinimumVisualStudioVersion = 10.0.40219.1
Project("{9A19103F-16F7-4668-BE54-9A1E7A4F7556}") = "mazeRunner_Console", "mazeRunner_Console.csproj", "{F2BAA295-DB8E-4C76-AFFE-93747101DB94}"
EndProject
Project("{9A19103F-16F7-4668-BE54-9A1E7A4F7556}") = "MazeComponents", "..\Maze\MazeComponents.csproj", "{4A10CA1D-7589-4AAD-BC75-6E1C9C4FD2F6}"
EndProject
Project("{9A19103F-16F7-4668-BE54-9A1E7A4F7556}") = "MazeTests", "..\MazeTests\MazeTests.csproj", "{600670B0-A7D7-488A-B4A2-0B8C5628F7B9}"
EndProject
Global
	GlobalSection(SolutionConfigurationPlatforms) = preSolution
		Debug|Any CPU = Debug|Any CPU
		Release|Any CPU = Release|Any CPU
	EndGlobalSection
	GlobalSection(ProjectConfigurationPlatforms) = postSolution
		{F2BAA295-DB8E-4C76-AFFE-93747101DB94}.Debug|Any CPU.ActiveCfg = Debug|Any CPU
		{F2BAA295-DB8E-4C76-AFFE-93747101DB94}.Debug|Any CPU.Build.0 = Debug|Any CPU
		{F2BAA295-DB8E-4C76-AFFE-93747101DB94}.Release|Any CPU.ActiveCfg = Release|Any CPU
		{F2BAA295-DB8E-4C76-AFFE-93747101DB94}.Release|Any CPU.Build.0 = Release|Any CPU
		{4A10CA1D-7589-4AAD-BC75-6E1C9C4FD2F6}.Debug|Any CPU.ActiveCfg = Debug|Any CPU
		{4A10CA1D-7589-4AAD-BC75-6E1C9C4FD2F6}.Debug|Any CPU.Build.0 = Debug|Any CPU
		{4A10CA1D-7589-4AAD-BC75-6E1C9C4FD2F6}.Release|Any CPU.ActiveCfg = Release|Any CPU
		{4A10CA1D-7589-4AAD-BC75-6E1C9C4FD2F6}.Release|Any CPU.Build.0 = Release|Any CPU
		{600670B0-A7D7-488A-B4A2-0B8C5628F7B9}.Debug|Any CPU.ActiveCfg = Debug|Any CPU
		{600670B0-A7D7-488A-B4A2-0B8C5628F7B9}.Debug|Any CPU.Build.0 = Debug|Any CPU
		{600670B0-A7D7-488A-B4A2-0B8C5628F7B9}.Release|Any CPU.ActiveCfg = Release|Any CPU
		{600670B0-A7D7-488A-B4A2-0B8C5628F7B9}.Release|Any CPU.Build.0 = Release|Any CPU
	EndGlobalSection
	GlobalSection(SolutionProperties) = preSolution
		HideSolutionNode = FALSE
	EndGlobalSection
	GlobalSection(ExtensibilityGlobals) = postSolution
		SolutionGuid = {E0E80206-5841-4FA1-83BE-8211062316FB}
	EndGlobalSection
EndGlobal
